
Microsoft Visual Studio Solution File, Format Version 11.00
# Visual Studio 2010
Project("{8BC9CEB8-8B4A-11D0-8D11-00A0C91BC942}") = "disk", "plugins\disk\disk.vcxproj", "{C5426060-C432-4A44-9097-0CA7F96F0AD6}"
EndProject
Project("{8BC9CEB8-8B4A-11D0-8D11-00A0C91BC942}") = "main", "main\main.vcxproj", "{28126EA5-1D5A-487E-94E5-6DF469569CC7}"
	ProjectSection(ProjectDependencies) = postProject
		{93F78606-41F4-4BEC-8514-382EE0D66996} = {93F78606-41F4-4BEC-8514-382EE0D66996}
		{5511723D-026C-4CA6-BA73-BD16799AA2E6} = {5511723D-026C-4CA6-BA73-BD16799AA2E6}
		{CE7A4D3F-8BC9-4A30-B785-3F7434D2AEA6} = {CE7A4D3F-8BC9-4A30-B785-3F7434D2AEA6}
		{C5426060-C432-4A44-9097-0CA7F96F0AD6} = {C5426060-C432-4A44-9097-0CA7F96F0AD6}
		{C046CA6A-81F2-4DBC-BAA7-BC5C9920755C} = {C046CA6A-81F2-4DBC-BAA7-BC5C9920755C}
		{12E6318B-B158-4B15-99AA-E9DAEEF60BF8} = {12E6318B-B158-4B15-99AA-E9DAEEF60BF8}
		{EB347EB2-CED7-42E5-9981-FCAA522FDB3D} = {EB347EB2-CED7-42E5-9981-FCAA522FDB3D}
	EndProjectSection
EndProject
Project("{8BC9CEB8-8B4A-11D0-8D11-00A0C91BC942}") = "cpu", "plugins\cpu\cpu.vcxproj", "{5511723D-026C-4CA6-BA73-BD16799AA2E6}"
EndProject
Project("{8BC9CEB8-8B4A-11D0-8D11-00A0C91BC942}") = "memory", "plugins\memory\memory.vcxproj", "{12E6318B-B158-4B15-99AA-E9DAEEF60BF8}"
EndProject
Project("{8BC9CEB8-8B4A-11D0-8D11-00A0C91BC942}") = "net_load", "plugins\net_load\net_load.vcxproj", "{93F78606-41F4-4BEC-8514-382EE0D66996}"
EndProject
Project("{8BC9CEB8-8B4A-11D0-8D11-00A0C91BC942}") = "host_info", "plugins\host_info\host_info.vcxproj", "{C046CA6A-81F2-4DBC-BAA7-BC5C9920755C}"
EndProject
Project("{8BC9CEB8-8B4A-11D0-8D11-00A0C91BC942}") = "proc", "plugins\proc\proc.vcxproj", "{EB347EB2-CED7-42E5-9981-FCAA522FDB3D}"
EndProject
Project("{8BC9CEB8-8B4A-11D0-8D11-00A0C91BC942}") = "proc_stat", "plugins\proc_stat\proc_stat.vcxproj", "{CE7A4D3F-8BC9-4A30-B785-3F7434D2AEA6}"
EndProject
Global
	GlobalSection(SolutionConfigurationPlatforms) = preSolution
		Debug|Win32 = Debug|Win32
		Release|Win32 = Release|Win32
	EndGlobalSection
	GlobalSection(ProjectConfigurationPlatforms) = postSolution
		{C5426060-C432-4A44-9097-0CA7F96F0AD6}.Debug|Win32.ActiveCfg = Debug|Win32
		{C5426060-C432-4A44-9097-0CA7F96F0AD6}.Debug|Win32.Build.0 = Debug|Win32
		{C5426060-C432-4A44-9097-0CA7F96F0AD6}.Release|Win32.ActiveCfg = Release|Win32
		{C5426060-C432-4A44-9097-0CA7F96F0AD6}.Release|Win32.Build.0 = Release|Win32
		{28126EA5-1D5A-487E-94E5-6DF469569CC7}.Debug|Win32.ActiveCfg = Debug|Win32
		{28126EA5-1D5A-487E-94E5-6DF469569CC7}.Debug|Win32.Build.0 = Debug|Win32
		{28126EA5-1D5A-487E-94E5-6DF469569CC7}.Release|Win32.ActiveCfg = Release|Win32
		{28126EA5-1D5A-487E-94E5-6DF469569CC7}.Release|Win32.Build.0 = Release|Win32
		{5511723D-026C-4CA6-BA73-BD16799AA2E6}.Debug|Win32.ActiveCfg = Debug|Win32
		{5511723D-026C-4CA6-BA73-BD16799AA2E6}.Debug|Win32.Build.0 = Debug|Win32
		{5511723D-026C-4CA6-BA73-BD16799AA2E6}.Release|Win32.ActiveCfg = Release|Win32
		{5511723D-026C-4CA6-BA73-BD16799AA2E6}.Release|Win32.Build.0 = Release|Win32
		{12E6318B-B158-4B15-99AA-E9DAEEF60BF8}.Debug|Win32.ActiveCfg = Debug|Win32
		{12E6318B-B158-4B15-99AA-E9DAEEF60BF8}.Debug|Win32.Build.0 = Debug|Win32
		{12E6318B-B158-4B15-99AA-E9DAEEF60BF8}.Release|Win32.ActiveCfg = Release|Win32
		{12E6318B-B158-4B15-99AA-E9DAEEF60BF8}.Release|Win32.Build.0 = Release|Win32
		{93F78606-41F4-4BEC-8514-382EE0D66996}.Debug|Win32.ActiveCfg = Debug|Win32
		{93F78606-41F4-4BEC-8514-382EE0D66996}.Debug|Win32.Build.0 = Debug|Win32
		{93F78606-41F4-4BEC-8514-382EE0D66996}.Release|Win32.ActiveCfg = Release|Win32
		{93F78606-41F4-4BEC-8514-382EE0D66996}.Release|Win32.Build.0 = Release|Win32
		{C046CA6A-81F2-4DBC-BAA7-BC5C9920755C}.Debug|Win32.ActiveCfg = Debug|Win32
		{C046CA6A-81F2-4DBC-BAA7-BC5C9920755C}.Debug|Win32.Build.0 = Debug|Win32
		{C046CA6A-81F2-4DBC-BAA7-BC5C9920755C}.Release|Win32.ActiveCfg = Release|Win32
		{C046CA6A-81F2-4DBC-BAA7-BC5C9920755C}.Release|Win32.Build.0 = Release|Win32
		{EB347EB2-CED7-42E5-9981-FCAA522FDB3D}.Debug|Win32.ActiveCfg = Debug|Win32
		{EB347EB2-CED7-42E5-9981-FCAA522FDB3D}.Debug|Win32.Build.0 = Debug|Win32
		{EB347EB2-CED7-42E5-9981-FCAA522FDB3D}.Release|Win32.ActiveCfg = Release|Win32
		{EB347EB2-CED7-42E5-9981-FCAA522FDB3D}.Release|Win32.Build.0 = Release|Win32
		{CE7A4D3F-8BC9-4A30-B785-3F7434D2AEA6}.Debug|Win32.ActiveCfg = Debug|Win32
		{CE7A4D3F-8BC9-4A30-B785-3F7434D2AEA6}.Debug|Win32.Build.0 = Debug|Win32
		{CE7A4D3F-8BC9-4A30-B785-3F7434D2AEA6}.Release|Win32.ActiveCfg = Release|Win32
		{CE7A4D3F-8BC9-4A30-B785-3F7434D2AEA6}.Release|Win32.Build.0 = Release|Win32
	EndGlobalSection
	GlobalSection(SolutionProperties) = preSolution
		HideSolutionNode = FALSE
	EndGlobalSection
EndGlobal
